// !$*UTF8*$!
{
	archiveVersion = 1;
	classes = {
	};
	objectVersion = 50;
	objects = {

/* Begin PBXBuildFile section */
		FE6ACD732383D6F0001FFF04 /* AppDelegate.swift in Sources */ = {isa = PBXBuildFile; fileRef = FE6ACD722383D6F0001FFF04 /* AppDelegate.swift */; };
		FE6ACD752383D6F0001FFF04 /* SceneDelegate.swift in Sources */ = {isa = PBXBuildFile; fileRef = FE6ACD742383D6F0001FFF04 /* SceneDelegate.swift */; };
		FE6ACD772383D6F0001FFF04 /* ViewController.swift in Sources */ = {isa = PBXBuildFile; fileRef = FE6ACD762383D6F0001FFF04 /* ViewController.swift */; };
		FE6ACD7A2383D6F1001FFF04 /* Main.storyboard in Resources */ = {isa = PBXBuildFile; fileRef = FE6ACD782383D6F1001FFF04 /* Main.storyboard */; };
		FE6ACD7C2383D6FA001FFF04 /* Assets.xcassets in Resources */ = {isa = PBXBuildFile; fileRef = FE6ACD7B2383D6FA001FFF04 /* Assets.xcassets */; };
		FE6ACD7F2383D6FA001FFF04 /* LaunchScreen.storyboard in Resources */ = {isa = PBXBuildFile; fileRef = FE6ACD7D2383D6FA001FFF04 /* LaunchScreen.storyboard */; };
/* End PBXBuildFile section */

/* Begin PBXFileReference section */
		FE6ACD6F2383D6F0001FFF04 /* SwiftBlockTestDemo.app */ = {isa = PBXFileReference; explicitFileType = wrapper.application; includeInIndex = 0; path = SwiftBlockTestDemo.app; sourceTree = BUILT_PRODUCTS_DIR; };
		FE6ACD722383D6F0001FFF04 /* AppDelegate.swift */ = {isa = PBXFileReference; lastKnownFileType = sourcecode.swift; path = AppDelegate.swift; sourceTree = "<group>"; };
		FE6ACD742383D6F0001FFF04 /* SceneDelegate.swift */ = {isa = PBXFileReference; lastKnownFileType = sourcecode.swift; path = SceneDelegate.swift; sourceTree = "<group>"; };
		FE6ACD762383D6F0001FFF04 /* ViewController.swift */ = {isa = PBXFileReference; lastKnownFileType = sourcecode.swift; path = ViewController.swift; sourceTree = "<group>"; };
		FE6ACD792383D6F1001FFF04 /* Base */ = {isa = PBXFileReference; lastKnownFileType = file.storyboard; name = Base; path = Base.lproj/Main.storyboard; sourceTree = "<group>"; };
		FE6ACD7B2383D6FA001FFF04 /* Assets.xcassets */ = {isa = PBXFileReference; lastKnownFileType = folder.assetcatalog; path = Assets.xcassets; sourceTree = "<group>"; };
		FE6ACD7E2383D6FA001FFF04 /* Base */ = {isa = PBXFileReference; lastKnownFileType = file.storyboard; name = Base; path = Base.lproj/LaunchScreen.storyboard; sourceTree = "<group>"; };
		FE6ACD802383D6FA001FFF04 /* Info.plist */ = {isa = PBXFileReference; lastKnownFileType = text.plist.xml; path = Info.plist; sourceTree = "<group>"; };
/* End PBXFileReference section */

/* Begin PBXFrameworksBuildPhase section */
		FE6ACD6C2383D6F0001FFF04 /* Frameworks */ = {
			isa = PBXFrameworksBuildPhase;
			buildActionMask = 2147483647;
			files = (
			);
			runOnlyForDeploymentPostprocessing = 0;
		};
/* End PBXFrameworksBuildPhase section */

/* Begin PBXGroup section */
		FE6ACD662383D6F0001FFF04 = {
			isa = PBXGroup;
			children = (
				FE6ACD712383D6F0001FFF04 /* SwiftBlockTestDemo */,
				FE6ACD702383D6F0001FFF04 /* Products */,
			);
			sourceTree = "<group>";
		};
		FE6ACD702383D6F0001FFF04 /* Products */ = {
			isa = PBXGroup;
			children = (
				FE6ACD6F2383D6F0001FFF04 /* SwiftBlockTestDemo.app */,
			);
			name = Products;
			sourceTree = "<group>";
		};
		FE6ACD712383D6F0001FFF04 /* SwiftBlockTestDemo */ = {
			isa = PBXGroup;
			children = (
				FE6ACD722383D6F0001FFF04 /* AppDelegate.swift */,
				FE6ACD742383D6F0001FFF04 /* SceneDelegate.swift */,
				FE6ACD762383D6F0001FFF04 /* ViewController.swift */,
				FE6ACD782383D6F1001FFF04 /* Main.storyboard */,
				FE6ACD7B2383D6FA001FFF04 /* Assets.xcassets */,
				FE6ACD7D2383D6FA001FFF04 /* LaunchScreen.storyboard */,
				FE6ACD802383D6FA001FFF04 /* Info.plist */,
			);
			path = SwiftBlockTestDemo;
			sourceTree = "<group>";
		};
/* End PBXGroup section */

/* Begin PBXNativeTarget section */
		FE6ACD6E2383D6F0001FFF04 /* SwiftBlockTestDemo */ = {
			isa = PBXNativeTarget;
			buildConfigurationList = FE6ACD832383D6FA001FFF04 /* Build configuration list for PBXNativeTarget "SwiftBlockTestDemo" */;
			buildPhases = (
				FE6ACD6B2383D6F0001FFF04 /* Sources */,
				FE6ACD6C2383D6F0001FFF04 /* Frameworks */,
				FE6ACD6D2383D6F0001FFF04 /* Resources */,
			);
			buildRules = (
			);
			dependencies = (
			);
			name = SwiftBlockTestDemo;
			productName = SwiftBlockTestDemo;
			productReference = FE6ACD6F2383D6F0001FFF04 /* SwiftBlockTestDemo.app */;
			productType = "com.apple.product-type.application";
		};
/* End PBXNativeTarget section */

/* Begin PBXProject section */
		FE6ACD672383D6F0001FFF04 /* Project object */ = {
			isa = PBXProject;
			attributes = {
				LastSwiftUpdateCheck = 1120;
				LastUpgradeCheck = 1120;
				ORGANIZATIONNAME = zhaochunyang;
				TargetAttributes = {
					FE6ACD6E2383D6F0001FFF04 = {
						CreatedOnToolsVersion = 11.2;
					};
				};
			};
			buildConfigurationList = FE6ACD6A2383D6F0001FFF04 /* Build configuration list for PBXProject "SwiftBlockTestDemo" */;
			compatibilityVersion = "Xcode 9.3";
			developmentRegion = en;
			hasScannedForEncodings = 0;
			knownRegions = (
				en,
				Base,
			);
			mainGroup = FE6ACD662383D6F0001FFF04;
			productRefGroup = FE6ACD702383D6F0001FFF04 /* Products */;
			projectDirPath = "";
			projectRoot = "";
			targets = (
				FE6ACD6E2383D6F0001FFF04 /* SwiftBlockTestDemo */,
			);
		};
/* End PBXProject section */

/* Begin PBXResourcesBuildPhase section */
		FE6ACD6D2383D6F0001FFF04 /* Resources */ = {
			isa = PBXResourcesBuildPhase;
			buildActionMask = 2147483647;
			files = (
				FE6ACD7F2383D6FA001FFF04 /* LaunchScreen.storyboard in Resources */,
				FE6ACD7C2383D6FA001FFF04 /* Assets.xcassets in Resources */,
				FE6ACD7A2383D6F1001FFF04 /* Main.storyboard in Resources */,
			);
			runOnlyForDeploymentPostprocessing = 0;
		};
/* End PBXResourcesBuildPhase section */

/* Begin PBXSourcesBuildPhase section */
		FE6ACD6B2383D6F0001FFF04 /* Sources */ = {
			isa = PBXSourcesBuildPhase;
			buildActionMask = 2147483647;
			files = (
				FE6ACD772383D6F0001FFF04 /* ViewController.swift in Sources */,
				FE6ACD732383D6F0001FFF04 /* AppDelegate.swift in Sources */,
				FE6ACD752383D6F0001FFF04 /* SceneDelegate.swift in Sources */,
			);
			runOnlyForDeploymentPostprocessing = 0;
		};
/* End PBXSourcesBuildPhase section */

/* Begin PBXVariantGroup section */
		FE6ACD782383D6F1001FFF04 /* Main.storyboard */ = {
			isa = PBXVariantGroup;
			children = (
				FE6ACD792383D6F1001FFF04 /* Base */,
			);
			name = Main.storyboard;
			sourceTree = "<group>";
		};
		FE6ACD7D2383D6FA001FFF04 /* LaunchScreen.storyboard */ = {
			isa = PBXVariantGroup;
			children = (
				FE6ACD7E2383D6FA001FFF04 /* Base */,
			);
			name = LaunchScreen.storyboard;
			sourceTree = "<group>";
		};
/* End PBXVariantGroup section */

/* Begin XCBuildConfiguration section */
		FE6ACD812383D6FA001FFF04 /* Debug */ = {
			isa = XCBuildConfiguration;
			buildSettings = {
				ALWAYS_SEARCH_USER_PATHS = NO;
				CLANG_ANALYZER_NONNULL = YES;
				CLANG_ANALYZER_NUMBER_OBJECT_CONVERSION = YES_AGGRESSIVE;
				CLANG_CXX_LANGUAGE_STANDARD = "gnu++14";
				CLANG_CXX_LIBRARY = "libc++";
				CLANG_ENABLE_MODULES = YES;
				CLANG_ENABLE_OBJC_ARC = YES;
				CLANG_ENABLE_OBJC_WEAK = YES;
				CLANG_WARN_BLOCK_CAPTURE_AUTORELEASING = YES;
				CLANG_WARN_BOOL_CONVERSION = YES;
				CLANG_WARN_COMMA = YES;
				CLANG_WARN_CONSTANT_CONVERSION = YES;
				CLANG_WARN_DEPRECATED_OBJC_IMPLEMENTATIONS = YES;
				CLANG_WARN_DIRECT_OBJC_ISA_USAGE = YES_ERROR;
				CLANG_WARN_DOCUMENTATION_COMMENTS = YES;
				CLANG_WARN_EMPTY_BODY = YES;
				CLANG_WARN_ENUM_CONVERSION = YES;
				CLANG_WARN_INFINITE_RECURSION = YES;
				CLANG_WARN_INT_CONVERSION = YES;
				CLANG_WARN_NON_LITERAL_NULL_CONVERSION = YES;
				CLANG_WARN_OBJC_IMPLICIT_RETAIN_SELF = YES;
				CLANG_WARN_OBJC_LITERAL_CONVERSION = YES;
				CLANG_WARN_OBJC_ROOT_CLASS = YES_ERROR;
				CLANG_WARN_RANGE_LOOP_ANALYSIS = YES;
				CLANG_WARN_STRICT_PROTOTYPES = YES;
				CLANG_WARN_SUSPICIOUS_MOVE = YES;
				CLANG_WARN_UNGUARDED_AVAILABILITY = YES_AGGRESSIVE;
				CLANG_WARN_UNREACHABLE_CODE = YES;
				CLANG_WARN__DUPLICATE_METHOD_MATCH = YES;
				COPY_PHASE_STRIP = NO;
				DEBUG_INFORMATION_FORMAT = dwarf;
				ENABLE_STRICT_OBJC_MSGSEND = YES;
				ENABLE_TESTABILITY = YES;
				GCC_C_LANGUAGE_STANDARD = gnu11;
				GCC_DYNAMIC_NO_PIC = NO;
				GCC_NO_COMMON_BLOCKS = YES;
				GCC_OPTIMIZATION_LEVEL = 0;
				GCC_PREPROCESSOR_DEFINITIONS = (
					"DEBUG=1",
					"$(inherited)",
				);
				GCC_WARN_64_TO_32_BIT_CONVERSION = YES;
				GCC_WARN_ABOUT_RETURN_TYPE = YES_ERROR;
				GCC_WARN_UNDECLARED_SELECTOR = YES;
				GCC_WARN_UNINITIALIZED_AUTOS = YES_AGGRESSIVE;
				GCC_WARN_UNUSED_FUNCTION = YES;
				GCC_WARN_UNUSED_VARIABLE = YES;
				IPHONEOS_DEPLOYMENT_TARGET = 13.2;
				MTL_ENABLE_DEBUG_INFO = INCLUDE_SOURCE;
				MTL_FAST_MATH = YES;
				ONLY_ACTIVE_ARCH = YES;
				SDKROOT = iphoneos;
				SWIFT_ACTIVE_COMPILATION_CONDITIONS = DEBUG;
				SWIFT_OPTIMIZATION_LEVEL = "-Onone";
			};
			name = Debug;
		};
		FE6ACD822383D6FA001FFF04 /* Release */ = {
			isa = XCBuildConfiguration;
			buildSettings = {
				ALWAYS_SEARCH_USER_PATHS = NO;
				CLANG_ANALYZER_NONNULL = YES;
				CLANG_ANALYZER_NUMBER_OBJECT_CONVERSION = YES_AGGRESSIVE;
				CLANG_CXX_LANGUAGE_STANDARD = "gnu++14";
				CLANG_CXX_LIBRARY = "libc++";
				CLANG_ENABLE_MODULES = YES;
				CLANG_ENABLE_OBJC_ARC = YES;
				CLANG_ENABLE_OBJC_WEAK = YES;
				CLANG_WARN_BLOCK_CAPTURE_AUTORELEASING = YES;
				CLANG_WARN_BOOL_CONVERSION = YES;
				CLANG_WARN_COMMA = YES;
				CLANG_WARN_CONSTANT_CONVERSION = YES;
				CLANG_WARN_DEPRECATED_OBJC_IMPLEMENTATIONS = YES;
				CLANG_WARN_DIRECT_OBJC_ISA_USAGE = YES_ERROR;
				CLANG_WARN_DOCUMENTATION_COMMENTS = YES;
				CLANG_WARN_EMPTY_BODY = YES;
				CLANG_WARN_ENUM_CONVERSION = YES;
				CLANG_WARN_INFINITE_RECURSION = YES;
				CLANG_WARN_INT_CONVERSION = YES;
				CLANG_WARN_NON_LITERAL_NULL_CONVERSION = YES;
				CLANG_WARN_OBJC_IMPLICIT_RETAIN_SELF = YES;
				CLANG_WARN_OBJC_LITERAL_CONVERSION = YES;
				CLANG_WARN_OBJC_ROOT_CLASS = YES_ERROR;
				CLANG_WARN_RANGE_LOOP_ANALYSIS = YES;
				CLANG_WARN_STRICT_PROTOTYPES = YES;
				CLANG_WARN_SUSPICIOUS_MOVE = YES;
				CLANG_WARN_UNGUARDED_AVAILABILITY = YES_AGGRESSIVE;
				CLANG_WARN_UNREACHABLE_CODE = YES;
				CLANG_WARN__DUPLICATE_METHOD_MATCH = YES;
				COPY_PHASE_STRIP = NO;
				DEBUG_INFORMATION_FORMAT = "dwarf-with-dsym";
				ENABLE_NS_ASSERTIONS = NO;
				ENABLE_STRICT_OBJC_MSGSEND = YES;
				GCC_C_LANGUAGE_STANDARD = gnu11;
				GCC_NO_COMMON_BLOCKS = YES;
				GCC_WARN_64_TO_32_BIT_CONVERSION = YES;
				GCC_WARN_ABOUT_RETURN_TYPE = YES_ERROR;
				GCC_WARN_UNDECLARED_SELECTOR = YES;
				GCC_WARN_UNINITIALIZED_AUTOS = YES_AGGRESSIVE;
				GCC_WARN_UNUSED_FUNCTION = YES;
				GCC_WARN_UNUSED_VARIABLE = YES;
				IPHONEOS_DEPLOYMENT_TARGET = 13.2;
				MTL_ENABLE_DEBUG_INFO = NO;
				MTL_FAST_MATH = YES;
				SDKROOT = iphoneos;
				SWIFT_COMPILATION_MODE = wholemodule;
				SWIFT_OPTIMIZATION_LEVEL = "-O";
				VALIDATE_PRODUCT = YES;
			};
			name = Release;
		};
		FE6ACD842383D6FA001FFF04 /* Debug */ = {
			isa = XCBuildConfiguration;
			buildSettings = {
				ASSETCATALOG_COMPILER_APPICON_NAME = AppIcon;
				CODE_SIGN_STYLE = Automatic;
				DEVELOPMENT_TEAM = GL9GCTA7BP;
				INFOPLIST_FILE = SwiftBlockTestDemo/Info.plist;
				LD_RUNPATH_SEARCH_PATHS = (
					"$(inherited)",
					"@executable_path/Frameworks",
				);
				PRODUCT_BUNDLE_IDENTIFIER = zz.SwiftBlockTestDemo;
				PRODUCT_NAME = "$(TARGET_NAME)";
				SWIFT_VERSION = 5.0;
				TARGETED_DEVICE_FAMILY = "1,2";
			};
			name = Debug;
		};
		FE6ACD852383D6FA001FFF04 /* Release */ = {
			isa = XCBuildConfiguration;
			buildSettings = {
				ASSETCATALOG_COMPILER_APPICON_NAME = AppIcon;
				CODE_SIGN_STYLE = Automatic;
				DEVELOPMENT_TEAM = GL9GCTA7BP;
				INFOPLIST_FILE = SwiftBlockTestDemo/Info.plist;
				LD_RUNPATH_SEARCH_PATHS = (
					"$(inherited)",
					"@executable_path/Frameworks",
				);
				PRODUCT_BUNDLE_IDENTIFIER = zz.SwiftBlockTestDemo;
				PRODUCT_NAME = "$(TARGET_NAME)";
				SWIFT_VERSION = 5.0;
				TARGETED_DEVICE_FAMILY = "1,2";
			};
			name = Release;
		};
/* End XCBuildConfiguration section */

/* Begin XCConfigurationList section */
		FE6ACD6A2383D6F0001FFF04 /* Build configuration list for PBXProject "SwiftBlockTestDemo" */ = {
			isa = XCConfigurationList;
			buildConfigurations = (
				FE6ACD812383D6FA001FFF04 /* Debug */,
				FE6ACD822383D6FA001FFF04 /* Release */,
			);
			defaultConfigurationIsVisible = 0;
			defaultConfigurationName = Release;
		};
		FE6ACD832383D6FA001FFF04 /* Build configuration list for PBXNativeTarget "SwiftBlockTestDemo" */ = {
			isa = XCConfigurationList;
			buildConfigurations = (
				FE6ACD842383D6FA001FFF04 /* Debug */,
				FE6ACD852383D6FA001FFF04 /* Release */,
			);
			defaultConfigurationIsVisible = 0;
			defaultConfigurationName = Release;
		};
/* End XCConfigurationList section */
	};
	rootObject = FE6ACD672383D6F0001FFF04 /* Project object */;
}
